# THIS IS AN AUTOGENERATED FILE. DO NOT EDIT THIS FILE DIRECTLY.
# yarn lockfile v1


"@types/gsap@^1.19.2":
  version "1.19.2"
  resolved "https://registry.yarnpkg.com/@types/gsap/-/gsap-1.19.2.tgz#ffa045fe9ca25f18a175fac4918e17d6a7ef8d7b"
  integrity sha512-rEEGaIt6Q8IYRiwLfkJjcQOxFX/UehwXUvjvxiWT4WN07U0C4omh5WWciy99KFChJWYoCHAZY3FdAeFMKXTgDg==

"@types/pixi.js@^4.8.1":
  version "4.8.1"
  resolved "https://registry.yarnpkg.com/@types/pixi.js/-/pixi.js-4.8.1.tgz#f34f30aa70468a873bc418756c849d582ef9fced"
  integrity sha512-aKAnT85e8fGJvHjLAVJoJuYg3S1vZxenCEwkj/kvGCBpcxZtxHi/okC3u23rJAsnoo/keBbfWyUIdijSIhwjSg==
